PODS:
  - Realm (10.49.1):
    - Realm/Headers (= 10.49.1)
  - Realm/Headers (10.49.1)
  - RealmSwift (10.49.1):
    - Realm (= 10.49.1)
  - SwiftyDropbox (10.0.7)

DEPENDENCIES:
  - RealmSwift (~> 10)
  - SwiftyDropbox

SPEC REPOS:
  trunk:
    - Realm
    - RealmSwift
    - SwiftyDropbox

SPEC CHECKSUMS:
  Realm: 1fab4a224fd7a294eca142a0efe8b54546290fbf
  RealmSwift: 7c3a9c001161eb01b96b171ad965a9c498b962b0
  SwiftyDropbox: bd1e6f84cf36fa8d1440d4b54421d297e292dcd5

PODFILE CHECKSUM: 6305f101bfbb7525fb2a69123e40a92373c637ed

COCOAPODS: 1.15.2
